PODS:
  - Snail (0.7.0)
  - SnapKit (5.0.1)

DEPENDENCIES:
  - Snail (= 0.7.0)
  - SnapKit (~> 5.0.0)

SPEC REPOS:
  trunk:
    - Snail
    - SnapKit

SPEC CHECKSUMS:
  Snail: a68fffeb716abc5cd41784d0e8f07c6f30ac1d10
  SnapKit: 97b92857e3df3a0c71833cce143274bf6ef8e5eb

PODFILE CHECKSUM: ac06446d1c4510a8751bed6364cb02d41833f57f

COCOAPODS: 1.9.3
