// !$*UTF8*$!
{
	archiveVersion = 1;
	classes = {
	};
	objectVersion = 50;
	objects = {

/* Begin PBXBuildFile section */
		0EFE672F25251062007E5760 /* AppDelegate.swift in Sources */ = {isa = PBXBuildFile; fileRef = 0EFE672E25251062007E5760 /* AppDelegate.swift */; };
		0EFE673125251062007E5760 /* SceneDelegate.swift in Sources */ = {isa = PBXBuildFile; fileRef = 0EFE673025251062007E5760 /* SceneDelegate.swift */; };
		0EFE673325251062007E5760 /* CarsViewController.swift in Sources */ = {isa = PBXBuildFile; fileRef = 0EFE673225251062007E5760 /* CarsViewController.swift */; };
		0EFE673825251063007E5760 /* Assets.xcassets in Resources */ = {isa = PBXBuildFile; fileRef = 0EFE673725251063007E5760 /* Assets.xcassets */; };
		0EFE673B25251063007E5760 /* LaunchScreen.storyboard in Resources */ = {isa = PBXBuildFile; fileRef = 0EFE673925251063007E5760 /* LaunchScreen.storyboard */; };
		0EFE67432525114E007E5760 /* CarsViewModel.swift in Sources */ = {isa = PBXBuildFile; fileRef = 0EFE67422525114E007E5760 /* CarsViewModel.swift */; };
		0EFE67462525140F007E5760 /* NetworkRouter.swift in Sources */ = {isa = PBXBuildFile; fileRef = 0EFE67452525140F007E5760 /* NetworkRouter.swift */; };
		0EFE67482525142E007E5760 /* Router.swift in Sources */ = {isa = PBXBuildFile; fileRef = 0EFE67472525142E007E5760 /* Router.swift */; };
		0EFE674A25251457007E5760 /* EndPointType.swift in Sources */ = {isa = PBXBuildFile; fileRef = 0EFE674925251457007E5760 /* EndPointType.swift */; };
		0EFE674C25251502007E5760 /* ApiError.swift in Sources */ = {isa = PBXBuildFile; fileRef = 0EFE674B25251502007E5760 /* ApiError.swift */; };
		0EFE674F252515E8007E5760 /* CarFaxResponse.swift in Sources */ = {isa = PBXBuildFile; fileRef = 0EFE674E252515E8007E5760 /* CarFaxResponse.swift */; };
		0EFE6751252517CF007E5760 /* CarFaxService.swift in Sources */ = {isa = PBXBuildFile; fileRef = 0EFE6750252517CF007E5760 /* CarFaxService.swift */; };
		0EFE677425252765007E5760 /* ListingCell.swift in Sources */ = {isa = PBXBuildFile; fileRef = 0EFE677325252765007E5760 /* ListingCell.swift */; };
		0EFE679E25253344007E5760 /* UIImageViewExtensions.swift in Sources */ = {isa = PBXBuildFile; fileRef = 0EFE679D25253344007E5760 /* UIImageViewExtensions.swift */; };
		204F69F5EF5C33B63498A1EC /* libPods-CarFax.a in Frameworks */ = {isa = PBXBuildFile; fileRef = D2AC4015CDF296513D4F3A07 /* libPods-CarFax.a */; };
/* End PBXBuildFile section */

/* Begin PBXFileReference section */
		0EFE672B25251062007E5760 /* CarFax.app */ = {isa = PBXFileReference; explicitFileType = wrapper.application; includeInIndex = 0; path = CarFax.app; sourceTree = BUILT_PRODUCTS_DIR; };
		0EFE672E25251062007E5760 /* AppDelegate.swift */ = {isa = PBXFileReference; lastKnownFileType = sourcecode.swift; path = AppDelegate.swift; sourceTree = "<group>"; };
		0EFE673025251062007E5760 /* SceneDelegate.swift */ = {isa = PBXFileReference; lastKnownFileType = sourcecode.swift; path = SceneDelegate.swift; sourceTree = "<group>"; };
		0EFE673225251062007E5760 /* CarsViewController.swift */ = {isa = PBXFileReference; lastKnownFileType = sourcecode.swift; path = CarsViewController.swift; sourceTree = "<group>"; };
		0EFE673725251063007E5760 /* Assets.xcassets */ = {isa = PBXFileReference; lastKnownFileType = folder.assetcatalog; path = Assets.xcassets; sourceTree = "<group>"; };
		0EFE673A25251063007E5760 /* Base */ = {isa = PBXFileReference; lastKnownFileType = file.storyboard; name = Base; path = Base.lproj/LaunchScreen.storyboard; sourceTree = "<group>"; };
		0EFE673C25251063007E5760 /* Info.plist */ = {isa = PBXFileReference; lastKnownFileType = text.plist.xml; path = Info.plist; sourceTree = "<group>"; };
		0EFE67422525114E007E5760 /* CarsViewModel.swift */ = {isa = PBXFileReference; lastKnownFileType = sourcecode.swift; path = CarsViewModel.swift; sourceTree = "<group>"; };
		0EFE67452525140F007E5760 /* NetworkRouter.swift */ = {isa = PBXFileReference; lastKnownFileType = sourcecode.swift; path = NetworkRouter.swift; sourceTree = "<group>"; };
		0EFE67472525142E007E5760 /* Router.swift */ = {isa = PBXFileReference; lastKnownFileType = sourcecode.swift; path = Router.swift; sourceTree = "<group>"; };
		0EFE674925251457007E5760 /* EndPointType.swift */ = {isa = PBXFileReference; lastKnownFileType = sourcecode.swift; path = EndPointType.swift; sourceTree = "<group>"; };
		0EFE674B25251502007E5760 /* ApiError.swift */ = {isa = PBXFileReference; lastKnownFileType = sourcecode.swift; path = ApiError.swift; sourceTree = "<group>"; };
		0EFE674E252515E8007E5760 /* CarFaxResponse.swift */ = {isa = PBXFileReference; lastKnownFileType = sourcecode.swift; path = CarFaxResponse.swift; sourceTree = "<group>"; };
		0EFE6750252517CF007E5760 /* CarFaxService.swift */ = {isa = PBXFileReference; lastKnownFileType = sourcecode.swift; path = CarFaxService.swift; sourceTree = "<group>"; };
		0EFE677325252765007E5760 /* ListingCell.swift */ = {isa = PBXFileReference; lastKnownFileType = sourcecode.swift; path = ListingCell.swift; sourceTree = "<group>"; };
		0EFE679D25253344007E5760 /* UIImageViewExtensions.swift */ = {isa = PBXFileReference; lastKnownFileType = sourcecode.swift; path = UIImageViewExtensions.swift; sourceTree = "<group>"; };
		73442EC3C4BF97376DC2D9BD /* Pods-CarFax.debug.xcconfig */ = {isa = PBXFileReference; includeInIndex = 1; lastKnownFileType = text.xcconfig; name = "Pods-CarFax.debug.xcconfig"; path = "Target Support Files/Pods-CarFax/Pods-CarFax.debug.xcconfig"; sourceTree = "<group>"; };
		99E5EFFEED2C72EE9B2F754B /* Pods-CarFax.release.xcconfig */ = {isa = PBXFileReference; includeInIndex = 1; lastKnownFileType = text.xcconfig; name = "Pods-CarFax.release.xcconfig"; path = "Target Support Files/Pods-CarFax/Pods-CarFax.release.xcconfig"; sourceTree = "<group>"; };
		D2AC4015CDF296513D4F3A07 /* libPods-CarFax.a */ = {isa = PBXFileReference; explicitFileType = archive.ar; includeInIndex = 0; path = "libPods-CarFax.a"; sourceTree = BUILT_PRODUCTS_DIR; };
/* End PBXFileReference section */

/* Begin PBXFrameworksBuildPhase section */
		0EFE672825251062007E5760 /* Frameworks */ = {
			isa = PBXFrameworksBuildPhase;
			buildActionMask = 2147483647;
			files = (
				204F69F5EF5C33B63498A1EC /* libPods-CarFax.a in Frameworks */,
			);
			runOnlyForDeploymentPostprocessing = 0;
		};
/* End PBXFrameworksBuildPhase section */

/* Begin PBXGroup section */
		0EFE672225251062007E5760 = {
			isa = PBXGroup;
			children = (
				0EFE672D25251062007E5760 /* CarFax */,
				0EFE672C25251062007E5760 /* Products */,
				8E3468AA60B9FE7F081E9328 /* Pods */,
				1028B279F7A6FC850FBD3CFF /* Frameworks */,
			);
			sourceTree = "<group>";
		};
		0EFE672C25251062007E5760 /* Products */ = {
			isa = PBXGroup;
			children = (
				0EFE672B25251062007E5760 /* CarFax.app */,
			);
			name = Products;
			sourceTree = "<group>";
		};
		0EFE672D25251062007E5760 /* CarFax */ = {
			isa = PBXGroup;
			children = (
				0EFE679C2525332D007E5760 /* Extensions */,
				0EFE674D252515B1007E5760 /* Models */,
				0EFE6744252513E7007E5760 /* Network */,
				0EFE672E25251062007E5760 /* AppDelegate.swift */,
				0EFE673025251062007E5760 /* SceneDelegate.swift */,
				0EFE673225251062007E5760 /* CarsViewController.swift */,
				0EFE673725251063007E5760 /* Assets.xcassets */,
				0EFE673925251063007E5760 /* LaunchScreen.storyboard */,
				0EFE673C25251063007E5760 /* Info.plist */,
				0EFE67422525114E007E5760 /* CarsViewModel.swift */,
				0EFE677325252765007E5760 /* ListingCell.swift */,
			);
			path = CarFax;
			sourceTree = "<group>";
		};
		0EFE6744252513E7007E5760 /* Network */ = {
			isa = PBXGroup;
			children = (
				0EFE67452525140F007E5760 /* NetworkRouter.swift */,
				0EFE67472525142E007E5760 /* Router.swift */,
				0EFE674925251457007E5760 /* EndPointType.swift */,
				0EFE674B25251502007E5760 /* ApiError.swift */,
				0EFE6750252517CF007E5760 /* CarFaxService.swift */,
			);
			path = Network;
			sourceTree = "<group>";
		};
		0EFE674D252515B1007E5760 /* Models */ = {
			isa = PBXGroup;
			children = (
				0EFE674E252515E8007E5760 /* CarFaxResponse.swift */,
			);
			path = Models;
			sourceTree = "<group>";
		};
		0EFE679C2525332D007E5760 /* Extensions */ = {
			isa = PBXGroup;
			children = (
				0EFE679D25253344007E5760 /* UIImageViewExtensions.swift */,
			);
			path = Extensions;
			sourceTree = "<group>";
		};
		1028B279F7A6FC850FBD3CFF /* Frameworks */ = {
			isa = PBXGroup;
			children = (
				D2AC4015CDF296513D4F3A07 /* libPods-CarFax.a */,
			);
			name = Frameworks;
			sourceTree = "<group>";
		};
		8E3468AA60B9FE7F081E9328 /* Pods */ = {
			isa = PBXGroup;
			children = (
				73442EC3C4BF97376DC2D9BD /* Pods-CarFax.debug.xcconfig */,
				99E5EFFEED2C72EE9B2F754B /* Pods-CarFax.release.xcconfig */,
			);
			path = Pods;
			sourceTree = "<group>";
		};
/* End PBXGroup section */

/* Begin PBXNativeTarget section */
		0EFE672A25251062007E5760 /* CarFax */ = {
			isa = PBXNativeTarget;
			buildConfigurationList = 0EFE673F25251063007E5760 /* Build configuration list for PBXNativeTarget "CarFax" */;
			buildPhases = (
				C503A66F8DE6AF7C795EAAD3 /* [CP] Check Pods Manifest.lock */,
				0EFE672725251062007E5760 /* Sources */,
				0EFE672825251062007E5760 /* Frameworks */,
				0EFE672925251062007E5760 /* Resources */,
			);
			buildRules = (
			);
			dependencies = (
			);
			name = CarFax;
			productName = CarFax;
			productReference = 0EFE672B25251062007E5760 /* CarFax.app */;
			productType = "com.apple.product-type.application";
		};
/* End PBXNativeTarget section */

/* Begin PBXProject section */
		0EFE672325251062007E5760 /* Project object */ = {
			isa = PBXProject;
			attributes = {
				LastSwiftUpdateCheck = 1170;
				LastUpgradeCheck = 1170;
				ORGANIZATIONNAME = "Vincent Vuong";
				TargetAttributes = {
					0EFE672A25251062007E5760 = {
						CreatedOnToolsVersion = 11.7;
					};
				};
			};
			buildConfigurationList = 0EFE672625251062007E5760 /* Build configuration list for PBXProject "CarFax" */;
			compatibilityVersion = "Xcode 9.3";
			developmentRegion = en;
			hasScannedForEncodings = 0;
			knownRegions = (
				en,
				Base,
			);
			mainGroup = 0EFE672225251062007E5760;
			productRefGroup = 0EFE672C25251062007E5760 /* Products */;
			projectDirPath = "";
			projectRoot = "";
			targets = (
				0EFE672A25251062007E5760 /* CarFax */,
			);
		};
/* End PBXProject section */

/* Begin PBXResourcesBuildPhase section */
		0EFE672925251062007E5760 /* Resources */ = {
			isa = PBXResourcesBuildPhase;
			buildActionMask = 2147483647;
			files = (
				0EFE673B25251063007E5760 /* LaunchScreen.storyboard in Resources */,
				0EFE673825251063007E5760 /* Assets.xcassets in Resources */,
			);
			runOnlyForDeploymentPostprocessing = 0;
		};
/* End PBXResourcesBuildPhase section */

/* Begin PBXShellScriptBuildPhase section */
		C503A66F8DE6AF7C795EAAD3 /* [CP] Check Pods Manifest.lock */ = {
			isa = PBXShellScriptBuildPhase;
			buildActionMask = 2147483647;
			files = (
			);
			inputFileListPaths = (
			);
			inputPaths = (
				"${PODS_PODFILE_DIR_PATH}/Podfile.lock",
				"${PODS_ROOT}/Manifest.lock",
			);
			name = "[CP] Check Pods Manifest.lock";
			outputFileListPaths = (
			);
			outputPaths = (
				"$(DERIVED_FILE_DIR)/Pods-CarFax-checkManifestLockResult.txt",
			);
			runOnlyForDeploymentPostprocessing = 0;
			shellPath = /bin/sh;
			shellScript = "diff \"${PODS_PODFILE_DIR_PATH}/Podfile.lock\" \"${PODS_ROOT}/Manifest.lock\" > /dev/null\nif [ $? != 0 ] ; then\n    # print error to STDERR\n    echo \"error: The sandbox is not in sync with the Podfile.lock. Run 'pod install' or update your CocoaPods installation.\" >&2\n    exit 1\nfi\n# This output is used by Xcode 'outputs' to avoid re-running this script phase.\necho \"SUCCESS\" > \"${SCRIPT_OUTPUT_FILE_0}\"\n";
			showEnvVarsInLog = 0;
		};
/* End PBXShellScriptBuildPhase section */

/* Begin PBXSourcesBuildPhase section */
		0EFE672725251062007E5760 /* Sources */ = {
			isa = PBXSourcesBuildPhase;
			buildActionMask = 2147483647;
			files = (
				0EFE6751252517CF007E5760 /* CarFaxService.swift in Sources */,
				0EFE673325251062007E5760 /* CarsViewController.swift in Sources */,
				0EFE672F25251062007E5760 /* AppDelegate.swift in Sources */,
				0EFE67462525140F007E5760 /* NetworkRouter.swift in Sources */,
				0EFE673125251062007E5760 /* SceneDelegate.swift in Sources */,
				0EFE67482525142E007E5760 /* Router.swift in Sources */,
				0EFE674C25251502007E5760 /* ApiError.swift in Sources */,
				0EFE67432525114E007E5760 /* CarsViewModel.swift in Sources */,
				0EFE674A25251457007E5760 /* EndPointType.swift in Sources */,
				0EFE677425252765007E5760 /* ListingCell.swift in Sources */,
				0EFE679E25253344007E5760 /* UIImageViewExtensions.swift in Sources */,
				0EFE674F252515E8007E5760 /* CarFaxResponse.swift in Sources */,
			);
			runOnlyForDeploymentPostprocessing = 0;
		};
/* End PBXSourcesBuildPhase section */

/* Begin PBXVariantGroup section */
		0EFE673925251063007E5760 /* LaunchScreen.storyboard */ = {
			isa = PBXVariantGroup;
			children = (
				0EFE673A25251063007E5760 /* Base */,
			);
			name = LaunchScreen.storyboard;
			sourceTree = "<group>";
		};
/* End PBXVariantGroup section */

/* Begin XCBuildConfiguration section */
		0EFE673D25251063007E5760 /* Debug */ = {
			isa = XCBuildConfiguration;
			buildSettings = {
				ALWAYS_SEARCH_USER_PATHS = NO;
				CLANG_ANALYZER_NONNULL = YES;
				CLANG_ANALYZER_NUMBER_OBJECT_CONVERSION = YES_AGGRESSIVE;
				CLANG_CXX_LANGUAGE_STANDARD = "gnu++14";
				CLANG_CXX_LIBRARY = "libc++";
				CLANG_ENABLE_MODULES = YES;
				CLANG_ENABLE_OBJC_ARC = YES;
				CLANG_ENABLE_OBJC_WEAK = YES;
				CLANG_WARN_BLOCK_CAPTURE_AUTORELEASING = YES;
				CLANG_WARN_BOOL_CONVERSION = YES;
				CLANG_WARN_COMMA = YES;
				CLANG_WARN_CONSTANT_CONVERSION = YES;
				CLANG_WARN_DEPRECATED_OBJC_IMPLEMENTATIONS = YES;
				CLANG_WARN_DIRECT_OBJC_ISA_USAGE = YES_ERROR;
				CLANG_WARN_DOCUMENTATION_COMMENTS = YES;
				CLANG_WARN_EMPTY_BODY = YES;
				CLANG_WARN_ENUM_CONVERSION = YES;
				CLANG_WARN_INFINITE_RECURSION = YES;
				CLANG_WARN_INT_CONVERSION = YES;
				CLANG_WARN_NON_LITERAL_NULL_CONVERSION = YES;
				CLANG_WARN_OBJC_IMPLICIT_RETAIN_SELF = YES;
				CLANG_WARN_OBJC_LITERAL_CONVERSION = YES;
				CLANG_WARN_OBJC_ROOT_CLASS = YES_ERROR;
				CLANG_WARN_RANGE_LOOP_ANALYSIS = YES;
				CLANG_WARN_STRICT_PROTOTYPES = YES;
				CLANG_WARN_SUSPICIOUS_MOVE = YES;
				CLANG_WARN_UNGUARDED_AVAILABILITY = YES_AGGRESSIVE;
				CLANG_WARN_UNREACHABLE_CODE = YES;
				CLANG_WARN__DUPLICATE_METHOD_MATCH = YES;
				COPY_PHASE_STRIP = NO;
				DEBUG_INFORMATION_FORMAT = dwarf;
				ENABLE_STRICT_OBJC_MSGSEND = YES;
				ENABLE_TESTABILITY = YES;
				GCC_C_LANGUAGE_STANDARD = gnu11;
				GCC_DYNAMIC_NO_PIC = NO;
				GCC_NO_COMMON_BLOCKS = YES;
				GCC_OPTIMIZATION_LEVEL = 0;
				GCC_PREPROCESSOR_DEFINITIONS = (
					"DEBUG=1",
					"$(inherited)",
				);
				GCC_WARN_64_TO_32_BIT_CONVERSION = YES;
				GCC_WARN_ABOUT_RETURN_TYPE = YES_ERROR;
				GCC_WARN_UNDECLARED_SELECTOR = YES;
				GCC_WARN_UNINITIALIZED_AUTOS = YES_AGGRESSIVE;
				GCC_WARN_UNUSED_FUNCTION = YES;
				GCC_WARN_UNUSED_VARIABLE = YES;
				IPHONEOS_DEPLOYMENT_TARGET = 13.7;
				MTL_ENABLE_DEBUG_INFO = INCLUDE_SOURCE;
				MTL_FAST_MATH = YES;
				ONLY_ACTIVE_ARCH = YES;
				SDKROOT = iphoneos;
				SWIFT_ACTIVE_COMPILATION_CONDITIONS = DEBUG;
				SWIFT_OPTIMIZATION_LEVEL = "-Onone";
			};
			name = Debug;
		};
		0EFE673E25251063007E5760 /* Release */ = {
			isa = XCBuildConfiguration;
			buildSettings = {
				ALWAYS_SEARCH_USER_PATHS = NO;
				CLANG_ANALYZER_NONNULL = YES;
				CLANG_ANALYZER_NUMBER_OBJECT_CONVERSION = YES_AGGRESSIVE;
				CLANG_CXX_LANGUAGE_STANDARD = "gnu++14";
				CLANG_CXX_LIBRARY = "libc++";
				CLANG_ENABLE_MODULES = YES;
				CLANG_ENABLE_OBJC_ARC = YES;
				CLANG_ENABLE_OBJC_WEAK = YES;
				CLANG_WARN_BLOCK_CAPTURE_AUTORELEASING = YES;
				CLANG_WARN_BOOL_CONVERSION = YES;
				CLANG_WARN_COMMA = YES;
				CLANG_WARN_CONSTANT_CONVERSION = YES;
				CLANG_WARN_DEPRECATED_OBJC_IMPLEMENTATIONS = YES;
				CLANG_WARN_DIRECT_OBJC_ISA_USAGE = YES_ERROR;
				CLANG_WARN_DOCUMENTATION_COMMENTS = YES;
				CLANG_WARN_EMPTY_BODY = YES;
				CLANG_WARN_ENUM_CONVERSION = YES;
				CLANG_WARN_INFINITE_RECURSION = YES;
				CLANG_WARN_INT_CONVERSION = YES;
				CLANG_WARN_NON_LITERAL_NULL_CONVERSION = YES;
				CLANG_WARN_OBJC_IMPLICIT_RETAIN_SELF = YES;
				CLANG_WARN_OBJC_LITERAL_CONVERSION = YES;
				CLANG_WARN_OBJC_ROOT_CLASS = YES_ERROR;
				CLANG_WARN_RANGE_LOOP_ANALYSIS = YES;
				CLANG_WARN_STRICT_PROTOTYPES = YES;
				CLANG_WARN_SUSPICIOUS_MOVE = YES;
				CLANG_WARN_UNGUARDED_AVAILABILITY = YES_AGGRESSIVE;
				CLANG_WARN_UNREACHABLE_CODE = YES;
				CLANG_WARN__DUPLICATE_METHOD_MATCH = YES;
				COPY_PHASE_STRIP = NO;
				DEBUG_INFORMATION_FORMAT = "dwarf-with-dsym";
				ENABLE_NS_ASSERTIONS = NO;
				ENABLE_STRICT_OBJC_MSGSEND = YES;
				GCC_C_LANGUAGE_STANDARD = gnu11;
				GCC_NO_COMMON_BLOCKS = YES;
				GCC_WARN_64_TO_32_BIT_CONVERSION = YES;
				GCC_WARN_ABOUT_RETURN_TYPE = YES_ERROR;
				GCC_WARN_UNDECLARED_SELECTOR = YES;
				GCC_WARN_UNINITIALIZED_AUTOS = YES_AGGRESSIVE;
				GCC_WARN_UNUSED_FUNCTION = YES;
				GCC_WARN_UNUSED_VARIABLE = YES;
				IPHONEOS_DEPLOYMENT_TARGET = 13.7;
				MTL_ENABLE_DEBUG_INFO = NO;
				MTL_FAST_MATH = YES;
				SDKROOT = iphoneos;
				SWIFT_COMPILATION_MODE = wholemodule;
				SWIFT_OPTIMIZATION_LEVEL = "-O";
				VALIDATE_PRODUCT = YES;
			};
			name = Release;
		};
		0EFE674025251063007E5760 /* Debug */ = {
			isa = XCBuildConfiguration;
			baseConfigurationReference = 73442EC3C4BF97376DC2D9BD /* Pods-CarFax.debug.xcconfig */;
			buildSettings = {
				ASSETCATALOG_COMPILER_APPICON_NAME = AppIcon;
				CODE_SIGN_STYLE = Automatic;
				INFOPLIST_FILE = CarFax/Info.plist;
				LD_RUNPATH_SEARCH_PATHS = (
					"$(inherited)",
					"@executable_path/Frameworks",
				);
				PRODUCT_BUNDLE_IDENTIFIER = vincent.CarFax;
				PRODUCT_NAME = "$(TARGET_NAME)";
				SWIFT_VERSION = 5.0;
				TARGETED_DEVICE_FAMILY = "1,2";
			};
			name = Debug;
		};
		0EFE674125251063007E5760 /* Release */ = {
			isa = XCBuildConfiguration;
			baseConfigurationReference = 99E5EFFEED2C72EE9B2F754B /* Pods-CarFax.release.xcconfig */;
			buildSettings = {
				ASSETCATALOG_COMPILER_APPICON_NAME = AppIcon;
				CODE_SIGN_STYLE = Automatic;
				INFOPLIST_FILE = CarFax/Info.plist;
				LD_RUNPATH_SEARCH_PATHS = (
					"$(inherited)",
					"@executable_path/Frameworks",
				);
				PRODUCT_BUNDLE_IDENTIFIER = vincent.CarFax;
				PRODUCT_NAME = "$(TARGET_NAME)";
				SWIFT_VERSION = 5.0;
				TARGETED_DEVICE_FAMILY = "1,2";
			};
			name = Release;
		};
/* End XCBuildConfiguration section */

/* Begin XCConfigurationList section */
		0EFE672625251062007E5760 /* Build configuration list for PBXProject "CarFax" */ = {
			isa = XCConfigurationList;
			buildConfigurations = (
				0EFE673D25251063007E5760 /* Debug */,
				0EFE673E25251063007E5760 /* Release */,
			);
			defaultConfigurationIsVisible = 0;
			defaultConfigurationName = Release;
		};
		0EFE673F25251063007E5760 /* Build configuration list for PBXNativeTarget "CarFax" */ = {
			isa = XCConfigurationList;
			buildConfigurations = (
				0EFE674025251063007E5760 /* Debug */,
				0EFE674125251063007E5760 /* Release */,
			);
			defaultConfigurationIsVisible = 0;
			defaultConfigurationName = Release;
		};
/* End XCConfigurationList section */
	};
	rootObject = 0EFE672325251062007E5760 /* Project object */;
}
